
Microsoft Visual Studio Solution File, Format Version 12.00
# Visual Studio 14
VisualStudioVersion = 14.0.25420.1
MinimumVisualStudioVersion = 10.0.40219.1
Project("{FAE04EC0-301F-11D3-BF4B-00C04F79EFBC}") = "PricingEngine", "PricingEngine\PricingEngine.csproj", "{52545C08-ECD8-4A30-9900-FB910E396232}"
EndProject
Project("{FAE04EC0-301F-11D3-BF4B-00C04F79EFBC}") = "ProceEngineTest", "ProceEngineTest\ProceEngineTest.csproj", "{53E46EEC-E578-460E-9BEB-BC948F19D0C3}"
EndProject
Project("{FAE04EC0-301F-11D3-BF4B-00C04F79EFBC}") = "BillingApplication", "BillingApplication\BillingApplication.csproj", "{40399E15-FCB6-4837-AB54-318B5333A569}"
EndProject
Global
	GlobalSection(SolutionConfigurationPlatforms) = preSolution
		Debug|Any CPU = Debug|Any CPU
		Release|Any CPU = Release|Any CPU
	EndGlobalSection
	GlobalSection(ProjectConfigurationPlatforms) = postSolution
		{52545C08-ECD8-4A30-9900-FB910E396232}.Debug|Any CPU.ActiveCfg = Debug|Any CPU
		{52545C08-ECD8-4A30-9900-FB910E396232}.Debug|Any CPU.Build.0 = Debug|Any CPU
		{52545C08-ECD8-4A30-9900-FB910E396232}.Release|Any CPU.ActiveCfg = Release|Any CPU
		{52545C08-ECD8-4A30-9900-FB910E396232}.Release|Any CPU.Build.0 = Release|Any CPU
		{53E46EEC-E578-460E-9BEB-BC948F19D0C3}.Debug|Any CPU.ActiveCfg = Debug|Any CPU
		{53E46EEC-E578-460E-9BEB-BC948F19D0C3}.Debug|Any CPU.Build.0 = Debug|Any CPU
		{53E46EEC-E578-460E-9BEB-BC948F19D0C3}.Release|Any CPU.ActiveCfg = Release|Any CPU
		{53E46EEC-E578-460E-9BEB-BC948F19D0C3}.Release|Any CPU.Build.0 = Release|Any CPU
		{40399E15-FCB6-4837-AB54-318B5333A569}.Debug|Any CPU.ActiveCfg = Debug|Any CPU
		{40399E15-FCB6-4837-AB54-318B5333A569}.Debug|Any CPU.Build.0 = Debug|Any CPU
		{40399E15-FCB6-4837-AB54-318B5333A569}.Release|Any CPU.ActiveCfg = Release|Any CPU
		{40399E15-FCB6-4837-AB54-318B5333A569}.Release|Any CPU.Build.0 = Release|Any CPU
	EndGlobalSection
	GlobalSection(SolutionProperties) = preSolution
		HideSolutionNode = FALSE
	EndGlobalSection
EndGlobal
